
Microsoft Visual Studio Solution File, Format Version 12.00
# Visual Studio Version 16
VisualStudioVersion = 16.0.30907.101
MinimumVisualStudioVersion = 10.0.40219.1
Project("{2150E333-8FDC-42A3-9474-1A3956D46DE8}") = "Site", "Site", "{93FA07C5-F6DD-4D86-8968-06AAAA61377A}"
EndProject
Project("{2150E333-8FDC-42A3-9474-1A3956D46DE8}") = "Application Layer", "Application Layer", "{3E53606F-9037-46C3-BBFF-F5832F25FF5F}"
EndProject
Project("{2150E333-8FDC-42A3-9474-1A3956D46DE8}") = "Presentation Layer", "Presentation Layer", "{6BA14B4E-9627-4146-9003-A19D94C5199A}"
EndProject
Project("{9A19103F-16F7-4668-BE54-9A1E7A4F7556}") = "OBFormPost.Application", "Site\Application Layer\OBForm.Application\OBFormPost.Application.csproj", "{5E1CEF90-A4B8-4B03-A958-E0C1A7084148}"
EndProject
Project("{2150E333-8FDC-42A3-9474-1A3956D46DE8}") = "Domain Layer", "Domain Layer", "{1DD8516F-CF40-4201-8DC7-20FC5D3E9E6B}"
EndProject
Project("{9A19103F-16F7-4668-BE54-9A1E7A4F7556}") = "OBForumPost.Domain", "Domain Layer\OBForum.Domain\OBForumPost.Domain.csproj", "{7D7A82D5-BF75-4B6D-8426-F7057179A4C2}"
EndProject
Project("{9A19103F-16F7-4668-BE54-9A1E7A4F7556}") = "OBForumPostAPI", "Site\Presentation Layer\OBForumPostAPI\OBForumPostAPI.csproj", "{AD862646-4771-4676-92C9-B1FA79E7F2E4}"
EndProject
Project("{2150E333-8FDC-42A3-9474-1A3956D46DE8}") = "Test", "Test", "{C2D13BFF-89BB-4FA0-BCAF-7C2C7C4E103C}"
EndProject
Project("{FAE04EC0-301F-11D3-BF4B-00C04F79EFBC}") = "OBForumPost.Domain.Test", "Test\Domain Layer\OBForumPost.Domain.Test\OBForumPost.Domain.Test.csproj", "{23CA4222-F131-4C56-9748-AD079ADB235A}"
EndProject
Project("{2150E333-8FDC-42A3-9474-1A3956D46DE8}") = "Domain Layer", "Domain Layer", "{55E78A2E-3F65-4906-9F9D-A65CE550BF6F}"
EndProject
Project("{2150E333-8FDC-42A3-9474-1A3956D46DE8}") = "Site", "Site", "{36B33CFE-B5DB-4689-A593-831D18D5F7C0}"
EndProject
Project("{2150E333-8FDC-42A3-9474-1A3956D46DE8}") = "Application Layer", "Application Layer", "{C4306396-D352-41BF-86D4-42CEEE5C94ED}"
EndProject
Project("{FAE04EC0-301F-11D3-BF4B-00C04F79EFBC}") = "OBFormPost.Application.Test", "Test\Site\Application Layer\OBFormPost.Application.Test\OBFormPost.Application.Test.csproj", "{33DFC0F5-1E3C-40EA-9B7B-66FFFFDAF9EF}"
EndProject
Global
	GlobalSection(SolutionConfigurationPlatforms) = preSolution
		Debug|Any CPU = Debug|Any CPU
		Release|Any CPU = Release|Any CPU
	EndGlobalSection
	GlobalSection(ProjectConfigurationPlatforms) = postSolution
		{5E1CEF90-A4B8-4B03-A958-E0C1A7084148}.Debug|Any CPU.ActiveCfg = Debug|Any CPU
		{5E1CEF90-A4B8-4B03-A958-E0C1A7084148}.Debug|Any CPU.Build.0 = Debug|Any CPU
		{5E1CEF90-A4B8-4B03-A958-E0C1A7084148}.Release|Any CPU.ActiveCfg = Release|Any CPU
		{5E1CEF90-A4B8-4B03-A958-E0C1A7084148}.Release|Any CPU.Build.0 = Release|Any CPU
		{7D7A82D5-BF75-4B6D-8426-F7057179A4C2}.Debug|Any CPU.ActiveCfg = Debug|Any CPU
		{7D7A82D5-BF75-4B6D-8426-F7057179A4C2}.Debug|Any CPU.Build.0 = Debug|Any CPU
		{7D7A82D5-BF75-4B6D-8426-F7057179A4C2}.Release|Any CPU.ActiveCfg = Release|Any CPU
		{7D7A82D5-BF75-4B6D-8426-F7057179A4C2}.Release|Any CPU.Build.0 = Release|Any CPU
		{AD862646-4771-4676-92C9-B1FA79E7F2E4}.Debug|Any CPU.ActiveCfg = Debug|Any CPU
		{AD862646-4771-4676-92C9-B1FA79E7F2E4}.Debug|Any CPU.Build.0 = Debug|Any CPU
		{AD862646-4771-4676-92C9-B1FA79E7F2E4}.Release|Any CPU.ActiveCfg = Release|Any CPU
		{AD862646-4771-4676-92C9-B1FA79E7F2E4}.Release|Any CPU.Build.0 = Release|Any CPU
		{23CA4222-F131-4C56-9748-AD079ADB235A}.Debug|Any CPU.ActiveCfg = Debug|Any CPU
		{23CA4222-F131-4C56-9748-AD079ADB235A}.Debug|Any CPU.Build.0 = Debug|Any CPU
		{23CA4222-F131-4C56-9748-AD079ADB235A}.Release|Any CPU.ActiveCfg = Release|Any CPU
		{23CA4222-F131-4C56-9748-AD079ADB235A}.Release|Any CPU.Build.0 = Release|Any CPU
		{33DFC0F5-1E3C-40EA-9B7B-66FFFFDAF9EF}.Debug|Any CPU.ActiveCfg = Debug|Any CPU
		{33DFC0F5-1E3C-40EA-9B7B-66FFFFDAF9EF}.Debug|Any CPU.Build.0 = Debug|Any CPU
		{33DFC0F5-1E3C-40EA-9B7B-66FFFFDAF9EF}.Release|Any CPU.ActiveCfg = Release|Any CPU
		{33DFC0F5-1E3C-40EA-9B7B-66FFFFDAF9EF}.Release|Any CPU.Build.0 = Release|Any CPU
	EndGlobalSection
	GlobalSection(SolutionProperties) = preSolution
		HideSolutionNode = FALSE
	EndGlobalSection
	GlobalSection(NestedProjects) = preSolution
		{3E53606F-9037-46C3-BBFF-F5832F25FF5F} = {93FA07C5-F6DD-4D86-8968-06AAAA61377A}
		{6BA14B4E-9627-4146-9003-A19D94C5199A} = {93FA07C5-F6DD-4D86-8968-06AAAA61377A}
		{5E1CEF90-A4B8-4B03-A958-E0C1A7084148} = {3E53606F-9037-46C3-BBFF-F5832F25FF5F}
		{7D7A82D5-BF75-4B6D-8426-F7057179A4C2} = {1DD8516F-CF40-4201-8DC7-20FC5D3E9E6B}
		{AD862646-4771-4676-92C9-B1FA79E7F2E4} = {6BA14B4E-9627-4146-9003-A19D94C5199A}
		{23CA4222-F131-4C56-9748-AD079ADB235A} = {55E78A2E-3F65-4906-9F9D-A65CE550BF6F}
		{55E78A2E-3F65-4906-9F9D-A65CE550BF6F} = {C2D13BFF-89BB-4FA0-BCAF-7C2C7C4E103C}
		{36B33CFE-B5DB-4689-A593-831D18D5F7C0} = {C2D13BFF-89BB-4FA0-BCAF-7C2C7C4E103C}
		{C4306396-D352-41BF-86D4-42CEEE5C94ED} = {36B33CFE-B5DB-4689-A593-831D18D5F7C0}
		{33DFC0F5-1E3C-40EA-9B7B-66FFFFDAF9EF} = {C4306396-D352-41BF-86D4-42CEEE5C94ED}
	EndGlobalSection
	GlobalSection(ExtensibilityGlobals) = postSolution
		SolutionGuid = {CFD86643-4A07-4557-8E5D-76CFC10C966D}
	EndGlobalSection
EndGlobal
